
Microsoft Visual Studio Solution File, Format Version 12.00
# Visual Studio Version 16
VisualStudioVersion = 16.0.30114.105
MinimumVisualStudioVersion = 10.0.40219.1
Project("{FAE04EC0-301F-11D3-BF4B-00C04F79EFBC}") = "CompanyApi", "CompanyApi\CompanyApi.csproj", "{F4F9F5FC-4D63-4AAB-B80E-536F3E3C49CA}"
EndProject
Global
	GlobalSection(SolutionConfigurationPlatforms) = preSolution
		Debug|Any CPU = Debug|Any CPU
		Release|Any CPU = Release|Any CPU
	EndGlobalSection
	GlobalSection(ProjectConfigurationPlatforms) = postSolution
		{F4F9F5FC-4D63-4AAB-B80E-536F3E3C49CA}.Debug|Any CPU.ActiveCfg = Debug|Any CPU
		{F4F9F5FC-4D63-4AAB-B80E-536F3E3C49CA}.Debug|Any CPU.Build.0 = Debug|Any CPU
		{F4F9F5FC-4D63-4AAB-B80E-536F3E3C49CA}.Release|Any CPU.ActiveCfg = Release|Any CPU
		{F4F9F5FC-4D63-4AAB-B80E-536F3E3C49CA}.Release|Any CPU.Build.0 = Release|Any CPU
	EndGlobalSection
	GlobalSection(SolutionProperties) = preSolution
		HideSolutionNode = FALSE
	EndGlobalSection
	GlobalSection(ExtensibilityGlobals) = postSolution
		SolutionGuid = {8DE7FC7F-AD40-4B95-B549-D9E957B3D8F7}
	EndGlobalSection
EndGlobal
